Microsoft Visual Studio Solution File, Format Version 12.00
# Visual Studio Version 17
VisualStudioVersion = 17.13.35931.197
MinimumVisualStudioVersion = 10.0.40219.1
Project("{FAE04EC0-301F-11D3-BF4B-00C04F79EFBC}") = "screen_sound", "screen_sound.csproj", "{AE73F75F-2D93-42B5-A9D9-1D10ED555E9C}"
EndProject
Global
	GlobalSection(SolutionConfigurationPlatforms) = preSolution
		Debug|Any CPU = Debug|Any CPU
		Release|Any CPU = Release|Any CPU
	EndGlobalSection
	GlobalSection(ProjectConfigurationPlatforms) = postSolution
		{AE73F75F-2D93-42B5-A9D9-1D10ED555E9C}.Debug|Any CPU.ActiveCfg = Debug|Any CPU
		{AE73F75F-2D93-42B5-A9D9-1D10ED555E9C}.Debug|Any CPU.Build.0 = Debug|Any CPU
		{AE73F75F-2D93-42B5-A9D9-1D10ED555E9C}.Release|Any CPU.ActiveCfg = Release|Any CPU
		{AE73F75F-2D93-42B5-A9D9-1D10ED555E9C}.Release|Any CPU.Build.0 = Release|Any CPU
	EndGlobalSection
	GlobalSection(SolutionProperties) = preSolution
		HideSolutionNode = FALSE
	EndGlobalSection
	GlobalSection(ExtensibilityGlobals) = postSolution
		SolutionGuid = {27526532-B7D2-480F-A397-ECCD96878900}
	EndGlobalSection
EndGlobal
